
Microsoft Visual Studio Solution File, Format Version 12.00
# Visual Studio 15
VisualStudioVersion = 15.0.28307.329
MinimumVisualStudioVersion = 10.0.40219.1
Project("{FAE04EC0-301F-11D3-BF4B-00C04F79EFBC}") = "stowed_exception_sample", "stowed_exception_sample\stowed_exception_sample.csproj", "{14B7D381-A314-4B13-AEA3-7D173634975B}"
EndProject
Global
	GlobalSection(SolutionConfigurationPlatforms) = preSolution
		Debug|ARM = Debug|ARM
		Debug|ARM64 = Debug|ARM64
		Debug|x64 = Debug|x64
		Debug|x86 = Debug|x86
		Release|ARM = Release|ARM
		Release|ARM64 = Release|ARM64
		Release|x64 = Release|x64
		Release|x86 = Release|x86
	EndGlobalSection
	GlobalSection(ProjectConfigurationPlatforms) = postSolution
		{14B7D381-A314-4B13-AEA3-7D173634975B}.Debug|ARM.ActiveCfg = Debug|ARM
		{14B7D381-A314-4B13-AEA3-7D173634975B}.Debug|ARM.Build.0 = Debug|ARM
		{14B7D381-A314-4B13-AEA3-7D173634975B}.Debug|ARM.Deploy.0 = Debug|ARM
		{14B7D381-A314-4B13-AEA3-7D173634975B}.Debug|ARM64.ActiveCfg = Debug|ARM64
		{14B7D381-A314-4B13-AEA3-7D173634975B}.Debug|ARM64.Build.0 = Debug|ARM64
		{14B7D381-A314-4B13-AEA3-7D173634975B}.Debug|ARM64.Deploy.0 = Debug|ARM64
		{14B7D381-A314-4B13-AEA3-7D173634975B}.Debug|x64.ActiveCfg = Debug|x64
		{14B7D381-A314-4B13-AEA3-7D173634975B}.Debug|x64.Build.0 = Debug|x64
		{14B7D381-A314-4B13-AEA3-7D173634975B}.Debug|x64.Deploy.0 = Debug|x64
		{14B7D381-A314-4B13-AEA3-7D173634975B}.Debug|x86.ActiveCfg = Debug|x86
		{14B7D381-A314-4B13-AEA3-7D173634975B}.Debug|x86.Build.0 = Debug|x86
		{14B7D381-A314-4B13-AEA3-7D173634975B}.Debug|x86.Deploy.0 = Debug|x86
		{14B7D381-A314-4B13-AEA3-7D173634975B}.Release|ARM.ActiveCfg = Release|ARM
		{14B7D381-A314-4B13-AEA3-7D173634975B}.Release|ARM.Build.0 = Release|ARM
		{14B7D381-A314-4B13-AEA3-7D173634975B}.Release|ARM.Deploy.0 = Release|ARM
		{14B7D381-A314-4B13-AEA3-7D173634975B}.Release|ARM64.ActiveCfg = Release|ARM64
		{14B7D381-A314-4B13-AEA3-7D173634975B}.Release|ARM64.Build.0 = Release|ARM64
		{14B7D381-A314-4B13-AEA3-7D173634975B}.Release|ARM64.Deploy.0 = Release|ARM64
		{14B7D381-A314-4B13-AEA3-7D173634975B}.Release|x64.ActiveCfg = Release|x64
		{14B7D381-A314-4B13-AEA3-7D173634975B}.Release|x64.Build.0 = Release|x64
		{14B7D381-A314-4B13-AEA3-7D173634975B}.Release|x64.Deploy.0 = Release|x64
		{14B7D381-A314-4B13-AEA3-7D173634975B}.Release|x86.ActiveCfg = Release|x86
		{14B7D381-A314-4B13-AEA3-7D173634975B}.Release|x86.Build.0 = Release|x86
		{14B7D381-A314-4B13-AEA3-7D173634975B}.Release|x86.Deploy.0 = Release|x86
	EndGlobalSection
	GlobalSection(SolutionProperties) = preSolution
		HideSolutionNode = FALSE
	EndGlobalSection
	GlobalSection(ExtensibilityGlobals) = postSolution
		SolutionGuid = {4D1D3F19-8369-40D8-B761-DB287D330CAC}
	EndGlobalSection
EndGlobal
